{
  "name": "node-windows-cyrus",
  "version": "1.0.0",
  "lockfileVersion": 1,
  "requires": true,
  "dependencies": {
    "@author.io/arg": {
      "version": "1.3.11",
      "resolved": "https://registry.npmjs.org/@author.io/arg/-/arg-1.3.11.tgz",
      "integrity": "sha512-8zOevr7NqdWDX5otMAA0v3LmxBs80xACDjS18MF8427Y9AbwEJvM/GDyqsXc1Lxkf8XGkodxhliKQEPDzZunAg=="
    },
    "xml": {
      "version": "0.0.12",
      "resolved": "https://registry.npmjs.org/xml/-/xml-0.0.12.tgz",
      "integrity": "sha1-8Is0cQmRK+AChXhfRvFa2OUKX2c="
    }
  }
}
